// !$*UTF8*$!
{
	archiveVersion = 1;
	classes = {
	};
	objectVersion = 46;
	objects = {

/* Begin PBXBuildFile section */
		657AD92D1A9E223A00B27432 /* TestObjects.m in Sources */ = {isa = PBXBuildFile; fileRef = 657AD92C1A9E223A00B27432 /* TestObjects.m */; };
		657AD92F1A9E248000B27432 /* MSDateTests.m in Sources */ = {isa = PBXBuildFile; fileRef = 657AD92E1A9E248000B27432 /* MSDateTests.m */; };
		9ED7EC041C5509CE0041F0A4 /* UIScrollView+MSAddition.m in Sources */ = {isa = PBXBuildFile; fileRef = 9ED7EC031C5509CE0041F0A4 /* UIScrollView+MSAddition.m */; };
		9ED7EC071C550BB90041F0A4 /* UIPageViewController+MSAddition.m in Sources */ = {isa = PBXBuildFile; fileRef = 9ED7EC061C550BB90041F0A4 /* UIPageViewController+MSAddition.m */; };
		9ED7EC0A1C550C2A0041F0A4 /* NSMutableArray+MSAddition.m in Sources */ = {isa = PBXBuildFile; fileRef = 9ED7EC091C550C2A0041F0A4 /* NSMutableArray+MSAddition.m */; };
		9ED7EC0D1C550C870041F0A4 /* UIFont+MSAddition.m in Sources */ = {isa = PBXBuildFile; fileRef = 9ED7EC0C1C550C870041F0A4 /* UIFont+MSAddition.m */; };
		9ED7EC0F1C5510970041F0A4 /* MSMutableArrayTests.m in Sources */ = {isa = PBXBuildFile; fileRef = 9ED7EC0E1C5510970041F0A4 /* MSMutableArrayTests.m */; };
		D346DBB31A77A61F005E85E2 /* MSArrayTests.m in Sources */ = {isa = PBXBuildFile; fileRef = D346DBB21A77A61F005E85E2 /* MSArrayTests.m */; };
		D3599B711A6F9E5300923BB3 /* UIView+MSAddition.m in Sources */ = {isa = PBXBuildFile; fileRef = D3599B701A6F9E5300923BB3 /* UIView+MSAddition.m */; };
		D3599B731A6F9FF800923BB3 /* MSViewTests.m in Sources */ = {isa = PBXBuildFile; fileRef = D3599B721A6F9FF800923BB3 /* MSViewTests.m */; };
		D35FBA6E1A602C1800BB8A36 /* NSObject+MSAddition.m in Sources */ = {isa = PBXBuildFile; fileRef = D35FBA6D1A602C1800BB8A36 /* NSObject+MSAddition.m */; };
		D35FBA701A602D3800BB8A36 /* MSObjectTests.m in Sources */ = {isa = PBXBuildFile; fileRef = D35FBA6F1A602D3800BB8A36 /* MSObjectTests.m */; };
		D3780B631A84F42B0007C544 /* NSURL+MSAddition.m in Sources */ = {isa = PBXBuildFile; fileRef = D3780B621A84F42B0007C544 /* NSURL+MSAddition.m */; };
		D39113251A2F2239002014D2 /* AppDelegate.m in Sources */ = {isa = PBXBuildFile; fileRef = D39113211A2F2239002014D2 /* AppDelegate.m */; };
		D39113261A2F2239002014D2 /* Images.xcassets in Resources */ = {isa = PBXBuildFile; fileRef = D39113221A2F2239002014D2 /* Images.xcassets */; };
		D39113271A2F2239002014D2 /* Info.plist in Resources */ = {isa = PBXBuildFile; fileRef = D39113231A2F2239002014D2 /* Info.plist */; };
		D39113281A2F2239002014D2 /* main.m in Sources */ = {isa = PBXBuildFile; fileRef = D39113241A2F2239002014D2 /* main.m */; };
		D391132F1A2F22B0002014D2 /* NSDictionary+MSAddition.m in Sources */ = {isa = PBXBuildFile; fileRef = D391132A1A2F22B0002014D2 /* NSDictionary+MSAddition.m */; };
		D39113301A2F22B0002014D2 /* NSMutableString+MSAddition.m in Sources */ = {isa = PBXBuildFile; fileRef = D391132C1A2F22B0002014D2 /* NSMutableString+MSAddition.m */; };
		D39113311A2F22B0002014D2 /* NSString+MSAddition.m in Sources */ = {isa = PBXBuildFile; fileRef = D391132E1A2F22B0002014D2 /* NSString+MSAddition.m */; };
		D39113331A2F2952002014D2 /* MSMutableStringTests.m in Sources */ = {isa = PBXBuildFile; fileRef = D39113321A2F2952002014D2 /* MSMutableStringTests.m */; };
		D39113351A2F2BEE002014D2 /* MSStringTests.m in Sources */ = {isa = PBXBuildFile; fileRef = D39113341A2F2BEE002014D2 /* MSStringTests.m */; };
		D39113371A2F3249002014D2 /* MSDictionaryTests.m in Sources */ = {isa = PBXBuildFile; fileRef = D39113361A2F3249002014D2 /* MSDictionaryTests.m */; };
		D3A7629C1A779EFD0074139B /* NSArray+MSAddition.m in Sources */ = {isa = PBXBuildFile; fileRef = D3A7629B1A779EFD0074139B /* NSArray+MSAddition.m */; };
		D3B739591A89FF6400DCAB0D /* NSDate+MSAddition.m in Sources */ = {isa = PBXBuildFile; fileRef = D3B739581A89FF6400DCAB0D /* NSDate+MSAddition.m */; };
/* End PBXBuildFile section */

/* Begin PBXContainerItemProxy section */
		D39113091A2F1F7D002014D2 /* PBXContainerItemProxy */ = {
			isa = PBXContainerItemProxy;
			containerPortal = D39112E71A2F1F7D002014D2 /* Project object */;
			proxyType = 1;
			remoteGlobalIDString = D39112EE1A2F1F7D002014D2;
			remoteInfo = MSAddition;
		};
/* End PBXContainerItemProxy section */

/* Begin PBXFileReference section */
		657AD92B1A9E223A00B27432 /* TestObject.h */ = {isa = PBXFileReference; fileEncoding = 4; lastKnownFileType = sourcecode.c.h; path = TestObject.h; sourceTree = "<group>"; };
		657AD92C1A9E223A00B27432 /* TestObjects.m */ = {isa = PBXFileReference; fileEncoding = 4; lastKnownFileType = sourcecode.c.objc; path = TestObjects.m; sourceTree = "<group>"; };
		657AD92E1A9E248000B27432 /* MSDateTests.m */ = {isa = PBXFileReference; fileEncoding = 4; lastKnownFileType = sourcecode.c.objc; path = MSDateTests.m; sourceTree = "<group>"; };
		9ED7EC021C5509CE0041F0A4 /* UIScrollView+MSAddition.h */ = {isa = PBXFileReference; fileEncoding = 4; lastKnownFileType = sourcecode.c.h; path = "UIScrollView+MSAddition.h"; sourceTree = "<group>"; };
		9ED7EC031C5509CE0041F0A4 /* UIScrollView+MSAddition.m */ = {isa = PBXFileReference; fileEncoding = 4; lastKnownFileType = sourcecode.c.objc; path = "UIScrollView+MSAddition.m"; sourceTree = "<group>"; };
		9ED7EC051C550BB90041F0A4 /* UIPageViewController+MSAddition.h */ = {isa = PBXFileReference; fileEncoding = 4; lastKnownFileType = sourcecode.c.h; path = "UIPageViewController+MSAddition.h"; sourceTree = "<group>"; };
		9ED7EC061C550BB90041F0A4 /* UIPageViewController+MSAddition.m */ = {isa = PBXFileReference; fileEncoding = 4; lastKnownFileType = sourcecode.c.objc; path = "UIPageViewController+MSAddition.m"; sourceTree = "<group>"; };
		9ED7EC081C550C2A0041F0A4 /* NSMutableArray+MSAddition.h */ = {isa = PBXFileReference; fileEncoding = 4; lastKnownFileType = sourcecode.c.h; path = "NSMutableArray+MSAddition.h"; sourceTree = "<group>"; };
		9ED7EC091C550C2A0041F0A4 /* NSMutableArray+MSAddition.m */ = {isa = PBXFileReference; fileEncoding = 4; lastKnownFileType = sourcecode.c.objc; path = "NSMutableArray+MSAddition.m"; sourceTree = "<group>"; };
		9ED7EC0B1C550C870041F0A4 /* UIFont+MSAddition.h */ = {isa = PBXFileReference; fileEncoding = 4; lastKnownFileType = sourcecode.c.h; path = "UIFont+MSAddition.h"; sourceTree = "<group>"; };
		9ED7EC0C1C550C870041F0A4 /* UIFont+MSAddition.m */ = {isa = PBXFileReference; fileEncoding = 4; lastKnownFileType = sourcecode.c.objc; path = "UIFont+MSAddition.m"; sourceTree = "<group>"; };
		9ED7EC0E1C5510970041F0A4 /* MSMutableArrayTests.m */ = {isa = PBXFileReference; fileEncoding = 4; lastKnownFileType = sourcecode.c.objc; path = MSMutableArrayTests.m; sourceTree = "<group>"; };
		D346DBB21A77A61F005E85E2 /* MSArrayTests.m */ = {isa = PBXFileReference; fileEncoding = 4; lastKnownFileType = sourcecode.c.objc; path = MSArrayTests.m; sourceTree = "<group>"; };
		D3599B6F1A6F9E5300923BB3 /* UIView+MSAddition.h */ = {isa = PBXFileReference; fileEncoding = 4; lastKnownFileType = sourcecode.c.h; path = "UIView+MSAddition.h"; sourceTree = "<group>"; };
		D3599B701A6F9E5300923BB3 /* UIView+MSAddition.m */ = {isa = PBXFileReference; fileEncoding = 4; lastKnownFileType = sourcecode.c.objc; path = "UIView+MSAddition.m"; sourceTree = "<group>"; };
		D3599B721A6F9FF800923BB3 /* MSViewTests.m */ = {isa = PBXFileReference; fileEncoding = 4; lastKnownFileType = sourcecode.c.objc; path = MSViewTests.m; sourceTree = "<group>"; };
		D35FBA6C1A602C1800BB8A36 /* NSObject+MSAddition.h */ = {isa = PBXFileReference; fileEncoding = 4; lastKnownFileType = sourcecode.c.h; path = "NSObject+MSAddition.h"; sourceTree = "<group>"; };
		D35FBA6D1A602C1800BB8A36 /* NSObject+MSAddition.m */ = {isa = PBXFileReference; fileEncoding = 4; lastKnownFileType = sourcecode.c.objc; path = "NSObject+MSAddition.m"; sourceTree = "<group>"; };
		D35FBA6F1A602D3800BB8A36 /* MSObjectTests.m */ = {isa = PBXFileReference; fileEncoding = 4; lastKnownFileType = sourcecode.c.objc; path = MSObjectTests.m; sourceTree = "<group>"; };
		D3780B611A84F42B0007C544 /* NSURL+MSAddition.h */ = {isa = PBXFileReference; fileEncoding = 4; lastKnownFileType = sourcecode.c.h; path = "NSURL+MSAddition.h"; sourceTree = "<group>"; };
		D3780B621A84F42B0007C544 /* NSURL+MSAddition.m */ = {isa = PBXFileReference; fileEncoding = 4; lastKnownFileType = sourcecode.c.objc; path = "NSURL+MSAddition.m"; sourceTree = "<group>"; };
		D3780B641A84F4820007C544 /* MSAddition.podspec */ = {isa = PBXFileReference; lastKnownFileType = text; path = MSAddition.podspec; sourceTree = "<group>"; };
		D39112EF1A2F1F7D002014D2 /* MSAddition.app */ = {isa = PBXFileReference; explicitFileType = wrapper.application; includeInIndex = 0; path = MSAddition.app; sourceTree = BUILT_PRODUCTS_DIR; };
		D39113081A2F1F7D002014D2 /* MSAdditionTests.xctest */ = {isa = PBXFileReference; explicitFileType = wrapper.cfbundle; includeInIndex = 0; path = MSAdditionTests.xctest; sourceTree = BUILT_PRODUCTS_DIR; };
		D391130D1A2F1F7D002014D2 /* Info.plist */ = {isa = PBXFileReference; lastKnownFileType = text.plist.xml; path = Info.plist; sourceTree = "<group>"; };
		D39113201A2F2239002014D2 /* AppDelegate.h */ = {isa = PBXFileReference; fileEncoding = 4; lastKnownFileType = sourcecode.c.h; path = AppDelegate.h; sourceTree = "<group>"; };
		D39113211A2F2239002014D2 /* AppDelegate.m */ = {isa = PBXFileReference; fileEncoding = 4; lastKnownFileType = sourcecode.c.objc; path = AppDelegate.m; sourceTree = "<group>"; };
		D39113221A2F2239002014D2 /* Images.xcassets */ = {isa = PBXFileReference; lastKnownFileType = folder.assetcatalog; path = Images.xcassets; sourceTree = "<group>"; };
		D39113231A2F2239002014D2 /* Info.plist */ = {isa = PBXFileReference; fileEncoding = 4; lastKnownFileType = text.plist.xml; path = Info.plist; sourceTree = "<group>"; };
		D39113241A2F2239002014D2 /* main.m */ = {isa = PBXFileReference; fileEncoding = 4; lastKnownFileType = sourcecode.c.objc; path = main.m; sourceTree = "<group>"; };
		D39113291A2F22B0002014D2 /* NSDictionary+MSAddition.h */ = {isa = PBXFileReference; fileEncoding = 4; lastKnownFileType = sourcecode.c.h; path = "NSDictionary+MSAddition.h"; sourceTree = "<group>"; };
		D391132A1A2F22B0002014D2 /* NSDictionary+MSAddition.m */ = {isa = PBXFileReference; fileEncoding = 4; lastKnownFileType = sourcecode.c.objc; path = "NSDictionary+MSAddition.m"; sourceTree = "<group>"; };
		D391132B1A2F22B0002014D2 /* NSMutableString+MSAddition.h */ = {isa = PBXFileReference; fileEncoding = 4; lastKnownFileType = sourcecode.c.h; path = "NSMutableString+MSAddition.h"; sourceTree = "<group>"; };
		D391132C1A2F22B0002014D2 /* NSMutableString+MSAddition.m */ = {isa = PBXFileReference; fileEncoding = 4; lastKnownFileType = sourcecode.c.objc; path = "NSMutableString+MSAddition.m"; sourceTree = "<group>"; };
		D391132D1A2F22B0002014D2 /* NSString+MSAddition.h */ = {isa = PBXFileReference; fileEncoding = 4; lastKnownFileType = sourcecode.c.h; path = "NSString+MSAddition.h"; sourceTree = "<group>"; };
		D391132E1A2F22B0002014D2 /* NSString+MSAddition.m */ = {isa = PBXFileReference; fileEncoding = 4; lastKnownFileType = sourcecode.c.objc; path = "NSString+MSAddition.m"; sourceTree = "<group>"; };
		D39113321A2F2952002014D2 /* MSMutableStringTests.m */ = {isa = PBXFileReference; fileEncoding = 4; lastKnownFileType = sourcecode.c.objc; path = MSMutableStringTests.m; sourceTree = "<group>"; };
		D39113341A2F2BEE002014D2 /* MSStringTests.m */ = {isa = PBXFileReference; fileEncoding = 4; lastKnownFileType = sourcecode.c.objc; path = MSStringTests.m; sourceTree = "<group>"; };
		D39113361A2F3249002014D2 /* MSDictionaryTests.m */ = {isa = PBXFileReference; fileEncoding = 4; lastKnownFileType = sourcecode.c.objc; path = MSDictionaryTests.m; sourceTree = "<group>"; };
		D39113381A2F35EC002014D2 /* MSAddition.h */ = {isa = PBXFileReference; lastKnownFileType = sourcecode.c.h; path = MSAddition.h; sourceTree = "<group>"; };
		D3A7629A1A779EFD0074139B /* NSArray+MSAddition.h */ = {isa = PBXFileReference; fileEncoding = 4; lastKnownFileType = sourcecode.c.h; path = "NSArray+MSAddition.h"; sourceTree = "<group>"; };
		D3A7629B1A779EFD0074139B /* NSArray+MSAddition.m */ = {isa = PBXFileReference; fileEncoding = 4; lastKnownFileType = sourcecode.c.objc; path = "NSArray+MSAddition.m"; sourceTree = "<group>"; };
		D3B739571A89FF6400DCAB0D /* NSDate+MSAddition.h */ = {isa = PBXFileReference; fileEncoding = 4; lastKnownFileType = sourcecode.c.h; path = "NSDate+MSAddition.h"; sourceTree = "<group>"; };
		D3B739581A89FF6400DCAB0D /* NSDate+MSAddition.m */ = {isa = PBXFileReference; fileEncoding = 4; lastKnownFileType = sourcecode.c.objc; path = "NSDate+MSAddition.m"; sourceTree = "<group>"; };
/* End PBXFileReference section */

/* Begin PBXFrameworksBuildPhase section */
		D39112EC1A2F1F7D002014D2 /* Frameworks */ = {
			isa = PBXFrameworksBuildPhase;
			buildActionMask = 2147483647;
			files = (
			);
			runOnlyForDeploymentPostprocessing = 0;
		};
		D39113051A2F1F7D002014D2 /* Frameworks */ = {
			isa = PBXFrameworksBuildPhase;
			buildActionMask = 2147483647;
			files = (
			);
			runOnlyForDeploymentPostprocessing = 0;
		};
/* End PBXFrameworksBuildPhase section */

/* Begin PBXGroup section */
		D39112E61A2F1F7D002014D2 = {
			isa = PBXGroup;
			children = (
				D3780B641A84F4820007C544 /* MSAddition.podspec */,
				D39112F11A2F1F7D002014D2 /* MSAddition */,
				D391131F1A2F2239002014D2 /* Example */,
				D391130B1A2F1F7D002014D2 /* MSAdditionTests */,
				D39112F01A2F1F7D002014D2 /* Products */,
			);
			sourceTree = "<group>";
		};
		D39112F01A2F1F7D002014D2 /* Products */ = {
			isa = PBXGroup;
			children = (
				D39112EF1A2F1F7D002014D2 /* MSAddition.app */,
				D39113081A2F1F7D002014D2 /* MSAdditionTests.xctest */,
			);
			name = Products;
			sourceTree = "<group>";
		};
		D39112F11A2F1F7D002014D2 /* MSAddition */ = {
			isa = PBXGroup;
			children = (
				D39113291A2F22B0002014D2 /* NSDictionary+MSAddition.h */,
				D391132A1A2F22B0002014D2 /* NSDictionary+MSAddition.m */,
				D391132B1A2F22B0002014D2 /* NSMutableString+MSAddition.h */,
				D391132C1A2F22B0002014D2 /* NSMutableString+MSAddition.m */,
				D391132D1A2F22B0002014D2 /* NSString+MSAddition.h */,
				D391132E1A2F22B0002014D2 /* NSString+MSAddition.m */,
				D35FBA6C1A602C1800BB8A36 /* NSObject+MSAddition.h */,
				D35FBA6D1A602C1800BB8A36 /* NSObject+MSAddition.m */,
				D39113381A2F35EC002014D2 /* MSAddition.h */,
				D3599B6F1A6F9E5300923BB3 /* UIView+MSAddition.h */,
				D3599B701A6F9E5300923BB3 /* UIView+MSAddition.m */,
				D3A7629A1A779EFD0074139B /* NSArray+MSAddition.h */,
				D3A7629B1A779EFD0074139B /* NSArray+MSAddition.m */,
				D3780B611A84F42B0007C544 /* NSURL+MSAddition.h */,
				D3780B621A84F42B0007C544 /* NSURL+MSAddition.m */,
				D3B739571A89FF6400DCAB0D /* NSDate+MSAddition.h */,
				D3B739581A89FF6400DCAB0D /* NSDate+MSAddition.m */,
				9ED7EC021C5509CE0041F0A4 /* UIScrollView+MSAddition.h */,
				9ED7EC031C5509CE0041F0A4 /* UIScrollView+MSAddition.m */,
				9ED7EC051C550BB90041F0A4 /* UIPageViewController+MSAddition.h */,
				9ED7EC061C550BB90041F0A4 /* UIPageViewController+MSAddition.m */,
				9ED7EC081C550C2A0041F0A4 /* NSMutableArray+MSAddition.h */,
				9ED7EC091C550C2A0041F0A4 /* NSMutableArray+MSAddition.m */,
				9ED7EC0B1C550C870041F0A4 /* UIFont+MSAddition.h */,
				9ED7EC0C1C550C870041F0A4 /* UIFont+MSAddition.m */,
			);
			path = MSAddition;
			sourceTree = "<group>";
		};
		D391130B1A2F1F7D002014D2 /* MSAdditionTests */ = {
			isa = PBXGroup;
			children = (
				D391130C1A2F1F7D002014D2 /* Supporting Files */,
				D39113321A2F2952002014D2 /* MSMutableStringTests.m */,
				D39113341A2F2BEE002014D2 /* MSStringTests.m */,
				D39113361A2F3249002014D2 /* MSDictionaryTests.m */,
				D35FBA6F1A602D3800BB8A36 /* MSObjectTests.m */,
				D3599B721A6F9FF800923BB3 /* MSViewTests.m */,
				D346DBB21A77A61F005E85E2 /* MSArrayTests.m */,
				657AD92B1A9E223A00B27432 /* TestObject.h */,
				657AD92C1A9E223A00B27432 /* TestObjects.m */,
				657AD92E1A9E248000B27432 /* MSDateTests.m */,
				9ED7EC0E1C5510970041F0A4 /* MSMutableArrayTests.m */,
			);
			path = MSAdditionTests;
			sourceTree = "<group>";
		};
		D391130C1A2F1F7D002014D2 /* Supporting Files */ = {
			isa = PBXGroup;
			children = (
				D391130D1A2F1F7D002014D2 /* Info.plist */,
			);
			name = "Supporting Files";
			sourceTree = "<group>";
		};
		D391131F1A2F2239002014D2 /* Example */ = {
			isa = PBXGroup;
			children = (
				D39113201A2F2239002014D2 /* AppDelegate.h */,
				D39113211A2F2239002014D2 /* AppDelegate.m */,
				D39113221A2F2239002014D2 /* Images.xcassets */,
				D39113231A2F2239002014D2 /* Info.plist */,
				D39113241A2F2239002014D2 /* main.m */,
			);
			path = Example;
			sourceTree = "<group>";
		};
/* End PBXGroup section */

/* Begin PBXNativeTarget section */
		D39112EE1A2F1F7D002014D2 /* MSAddition */ = {
			isa = PBXNativeTarget;
			buildConfigurationList = D39113121A2F1F7D002014D2 /* Build configuration list for PBXNativeTarget "MSAddition" */;
			buildPhases = (
				D39112EB1A2F1F7D002014D2 /* Sources */,
				D39112EC1A2F1F7D002014D2 /* Frameworks */,
				D39112ED1A2F1F7D002014D2 /* Resources */,
			);
			buildRules = (
			);
			dependencies = (
			);
			name = MSAddition;
			productName = MSAddition;
			productReference = D39112EF1A2F1F7D002014D2 /* MSAddition.app */;
			productType = "com.apple.product-type.application";
		};
		D39113071A2F1F7D002014D2 /* MSAdditionTests */ = {
			isa = PBXNativeTarget;
			buildConfigurationList = D39113151A2F1F7D002014D2 /* Build configuration list for PBXNativeTarget "MSAdditionTests" */;
			buildPhases = (
				D39113041A2F1F7D002014D2 /* Sources */,
				D39113051A2F1F7D002014D2 /* Frameworks */,
				D39113061A2F1F7D002014D2 /* Resources */,
			);
			buildRules = (
			);
			dependencies = (
				D391130A1A2F1F7D002014D2 /* PBXTargetDependency */,
			);
			name = MSAdditionTests;
			productName = MSAdditionTests;
			productReference = D39113081A2F1F7D002014D2 /* MSAdditionTests.xctest */;
			productType = "com.apple.product-type.bundle.unit-test";
		};
/* End PBXNativeTarget section */

/* Begin PBXProject section */
		D39112E71A2F1F7D002014D2 /* Project object */ = {
			isa = PBXProject;
			attributes = {
				LastUpgradeCheck = 0610;
				ORGANIZATIONNAME = siema;
				TargetAttributes = {
					D39112EE1A2F1F7D002014D2 = {
						CreatedOnToolsVersion = 6.1;
					};
					D39113071A2F1F7D002014D2 = {
						CreatedOnToolsVersion = 6.1;
						TestTargetID = D39112EE1A2F1F7D002014D2;
					};
				};
			};
			buildConfigurationList = D39112EA1A2F1F7D002014D2 /* Build configuration list for PBXProject "MSAddition" */;
			compatibilityVersion = "Xcode 3.2";
			developmentRegion = English;
			hasScannedForEncodings = 0;
			knownRegions = (
				en,
				Base,
			);
			mainGroup = D39112E61A2F1F7D002014D2;
			productRefGroup = D39112F01A2F1F7D002014D2 /* Products */;
			projectDirPath = "";
			projectRoot = "";
			targets = (
				D39112EE1A2F1F7D002014D2 /* MSAddition */,
				D39113071A2F1F7D002014D2 /* MSAdditionTests */,
			);
		};
/* End PBXProject section */

/* Begin PBXResourcesBuildPhase section */
		D39112ED1A2F1F7D002014D2 /* Resources */ = {
			isa = PBXResourcesBuildPhase;
			buildActionMask = 2147483647;
			files = (
				D39113271A2F2239002014D2 /* Info.plist in Resources */,
				D39113261A2F2239002014D2 /* Images.xcassets in Resources */,
			);
			runOnlyForDeploymentPostprocessing = 0;
		};
		D39113061A2F1F7D002014D2 /* Resources */ = {
			isa = PBXResourcesBuildPhase;
			buildActionMask = 2147483647;
			files = (
			);
			runOnlyForDeploymentPostprocessing = 0;
		};
/* End PBXResourcesBuildPhase section */

/* Begin PBXSourcesBuildPhase section */
		D39112EB1A2F1F7D002014D2 /* Sources */ = {
			isa = PBXSourcesBuildPhase;
			buildActionMask = 2147483647;
			files = (
				9ED7EC0A1C550C2A0041F0A4 /* NSMutableArray+MSAddition.m in Sources */,
				D3599B711A6F9E5300923BB3 /* UIView+MSAddition.m in Sources */,
				9ED7EC041C5509CE0041F0A4 /* UIScrollView+MSAddition.m in Sources */,
				D39113301A2F22B0002014D2 /* NSMutableString+MSAddition.m in Sources */,
				9ED7EC071C550BB90041F0A4 /* UIPageViewController+MSAddition.m in Sources */,
				D35FBA6E1A602C1800BB8A36 /* NSObject+MSAddition.m in Sources */,
				D39113281A2F2239002014D2 /* main.m in Sources */,
				D3B739591A89FF6400DCAB0D /* NSDate+MSAddition.m in Sources */,
				9ED7EC0D1C550C870041F0A4 /* UIFont+MSAddition.m in Sources */,
				D39113251A2F2239002014D2 /* AppDelegate.m in Sources */,
				D391132F1A2F22B0002014D2 /* NSDictionary+MSAddition.m in Sources */,
				D3780B631A84F42B0007C544 /* NSURL+MSAddition.m in Sources */,
				D3A7629C1A779EFD0074139B /* NSArray+MSAddition.m in Sources */,
				D39113311A2F22B0002014D2 /* NSString+MSAddition.m in Sources */,
			);
			runOnlyForDeploymentPostprocessing = 0;
		};
		D39113041A2F1F7D002014D2 /* Sources */ = {
			isa = PBXSourcesBuildPhase;
			buildActionMask = 2147483647;
			files = (
				D35FBA701A602D3800BB8A36 /* MSObjectTests.m in Sources */,
				657AD92F1A9E248000B27432 /* MSDateTests.m in Sources */,
				9ED7EC0F1C5510970041F0A4 /* MSMutableArrayTests.m in Sources */,
				D39113351A2F2BEE002014D2 /* MSStringTests.m in Sources */,
				D39113331A2F2952002014D2 /* MSMutableStringTests.m in Sources */,
				657AD92D1A9E223A00B27432 /* TestObjects.m in Sources */,
				D39113371A2F3249002014D2 /* MSDictionaryTests.m in Sources */,
				D3599B731A6F9FF800923BB3 /* MSViewTests.m in Sources */,
				D346DBB31A77A61F005E85E2 /* MSArrayTests.m in Sources */,
			);
			runOnlyForDeploymentPostprocessing = 0;
		};
/* End PBXSourcesBuildPhase section */

/* Begin PBXTargetDependency section */
		D391130A1A2F1F7D002014D2 /* PBXTargetDependency */ = {
			isa = PBXTargetDependency;
			target = D39112EE1A2F1F7D002014D2 /* MSAddition */;
			targetProxy = D39113091A2F1F7D002014D2 /* PBXContainerItemProxy */;
		};
/* End PBXTargetDependency section */

/* Begin XCBuildConfiguration section */
		D39113101A2F1F7D002014D2 /* Debug */ = {
			isa = XCBuildConfiguration;
			buildSettings = {
				ALWAYS_SEARCH_USER_PATHS = NO;
				CLANG_CXX_LANGUAGE_STANDARD = "gnu++0x";
				CLANG_CXX_LIBRARY = "libc++";
				CLANG_ENABLE_MODULES = YES;
				CLANG_ENABLE_OBJC_ARC = YES;
				CLANG_WARN_BOOL_CONVERSION = YES;
				CLANG_WARN_CONSTANT_CONVERSION = YES;
				CLANG_WARN_DIRECT_OBJC_ISA_USAGE = YES_ERROR;
				CLANG_WARN_EMPTY_BODY = YES;
				CLANG_WARN_ENUM_CONVERSION = YES;
				CLANG_WARN_INT_CONVERSION = YES;
				CLANG_WARN_OBJC_ROOT_CLASS = YES_ERROR;
				CLANG_WARN_UNREACHABLE_CODE = YES;
				CLANG_WARN__DUPLICATE_METHOD_MATCH = YES;
				"CODE_SIGN_IDENTITY[sdk=iphoneos*]" = "iPhone Developer";
				COPY_PHASE_STRIP = NO;
				ENABLE_STRICT_OBJC_MSGSEND = YES;
				GCC_C_LANGUAGE_STANDARD = gnu99;
				GCC_DYNAMIC_NO_PIC = NO;
				GCC_GENERATE_TEST_COVERAGE_FILES = YES;
				GCC_INSTRUMENT_PROGRAM_FLOW_ARCS = YES;
				GCC_OPTIMIZATION_LEVEL = 0;
				GCC_PREPROCESSOR_DEFINITIONS = (
					"DEBUG=1",
					"$(inherited)",
				);
				GCC_SYMBOLS_PRIVATE_EXTERN = NO;
				GCC_WARN_64_TO_32_BIT_CONVERSION = YES;
				GCC_WARN_ABOUT_RETURN_TYPE = YES_ERROR;
				GCC_WARN_UNDECLARED_SELECTOR = YES;
				GCC_WARN_UNINITIALIZED_AUTOS = YES_AGGRESSIVE;
				GCC_WARN_UNUSED_FUNCTION = YES;
				GCC_WARN_UNUSED_VARIABLE = YES;
				IPHONEOS_DEPLOYMENT_TARGET = 8.1;
				MTL_ENABLE_DEBUG_INFO = YES;
				ONLY_ACTIVE_ARCH = YES;
				SDKROOT = iphoneos;
				TARGETED_DEVICE_FAMILY = "1,2";
			};
			name = Debug;
		};
		D39113111A2F1F7D002014D2 /* Release */ = {
			isa = XCBuildConfiguration;
			buildSettings = {
				ALWAYS_SEARCH_USER_PATHS = NO;
				CLANG_CXX_LANGUAGE_STANDARD = "gnu++0x";
				CLANG_CXX_LIBRARY = "libc++";
				CLANG_ENABLE_MODULES = YES;
				CLANG_ENABLE_OBJC_ARC = YES;
				CLANG_WARN_BOOL_CONVERSION = YES;
				CLANG_WARN_CONSTANT_CONVERSION = YES;
				CLANG_WARN_DIRECT_OBJC_ISA_USAGE = YES_ERROR;
				CLANG_WARN_EMPTY_BODY = YES;
				CLANG_WARN_ENUM_CONVERSION = YES;
				CLANG_WARN_INT_CONVERSION = YES;
				CLANG_WARN_OBJC_ROOT_CLASS = YES_ERROR;
				CLANG_WARN_UNREACHABLE_CODE = YES;
				CLANG_WARN__DUPLICATE_METHOD_MATCH = YES;
				"CODE_SIGN_IDENTITY[sdk=iphoneos*]" = "iPhone Developer";
				COPY_PHASE_STRIP = YES;
				ENABLE_NS_ASSERTIONS = NO;
				ENABLE_STRICT_OBJC_MSGSEND = YES;
				GCC_C_LANGUAGE_STANDARD = gnu99;
				GCC_GENERATE_TEST_COVERAGE_FILES = YES;
				GCC_INSTRUMENT_PROGRAM_FLOW_ARCS = YES;
				GCC_WARN_64_TO_32_BIT_CONVERSION = YES;
				GCC_WARN_ABOUT_RETURN_TYPE = YES_ERROR;
				GCC_WARN_UNDECLARED_SELECTOR = YES;
				GCC_WARN_UNINITIALIZED_AUTOS = YES_AGGRESSIVE;
				GCC_WARN_UNUSED_FUNCTION = YES;
				GCC_WARN_UNUSED_VARIABLE = YES;
				IPHONEOS_DEPLOYMENT_TARGET = 8.1;
				MTL_ENABLE_DEBUG_INFO = NO;
				SDKROOT = iphoneos;
				TARGETED_DEVICE_FAMILY = "1,2";
				VALIDATE_PRODUCT = YES;
			};
			name = Release;
		};
		D39113131A2F1F7D002014D2 /* Debug */ = {
			isa = XCBuildConfiguration;
			buildSettings = {
				ASSETCATALOG_COMPILER_APPICON_NAME = AppIcon;
				INFOPLIST_FILE = "$(SRCROOT)/Example/Info.plist";
				LD_RUNPATH_SEARCH_PATHS = "$(inherited) @executable_path/Frameworks";
				PRODUCT_NAME = "$(TARGET_NAME)";
			};
			name = Debug;
		};
		D39113141A2F1F7D002014D2 /* Release */ = {
			isa = XCBuildConfiguration;
			buildSettings = {
				ASSETCATALOG_COMPILER_APPICON_NAME = AppIcon;
				INFOPLIST_FILE = "$(SRCROOT)/Example/Info.plist";
				LD_RUNPATH_SEARCH_PATHS = "$(inherited) @executable_path/Frameworks";
				PRODUCT_NAME = "$(TARGET_NAME)";
			};
			name = Release;
		};
		D39113161A2F1F7D002014D2 /* Debug */ = {
			isa = XCBuildConfiguration;
			buildSettings = {
				BUNDLE_LOADER = "$(TEST_HOST)";
				FRAMEWORK_SEARCH_PATHS = (
					"$(SDKROOT)/Developer/Library/Frameworks",
					"$(inherited)",
				);
				GCC_PREPROCESSOR_DEFINITIONS = (
					"DEBUG=1",
					"$(inherited)",
				);
				INFOPLIST_FILE = MSAdditionTests/Info.plist;
				LD_RUNPATH_SEARCH_PATHS = "$(inherited) @executable_path/Frameworks @loader_path/Frameworks";
				PRODUCT_NAME = "$(TARGET_NAME)";
				TEST_HOST = "$(BUILT_PRODUCTS_DIR)/MSAddition.app/MSAddition";
			};
			name = Debug;
		};
		D39113171A2F1F7D002014D2 /* Release */ = {
			isa = XCBuildConfiguration;
			buildSettings = {
				BUNDLE_LOADER = "$(TEST_HOST)";
				FRAMEWORK_SEARCH_PATHS = (
					"$(SDKROOT)/Developer/Library/Frameworks",
					"$(inherited)",
				);
				INFOPLIST_FILE = MSAdditionTests/Info.plist;
				LD_RUNPATH_SEARCH_PATHS = "$(inherited) @executable_path/Frameworks @loader_path/Frameworks";
				PRODUCT_NAME = "$(TARGET_NAME)";
				TEST_HOST = "$(BUILT_PRODUCTS_DIR)/MSAddition.app/MSAddition";
			};
			name = Release;
		};
/* End XCBuildConfiguration section */

/* Begin XCConfigurationList section */
		D39112EA1A2F1F7D002014D2 /* Build configuration list for PBXProject "MSAddition" */ = {
			isa = XCConfigurationList;
			buildConfigurations = (
				D39113101A2F1F7D002014D2 /* Debug */,
				D39113111A2F1F7D002014D2 /* Release */,
			);
			defaultConfigurationIsVisible = 0;
			defaultConfigurationName = Release;
		};
		D39113121A2F1F7D002014D2 /* Build configuration list for PBXNativeTarget "MSAddition" */ = {
			isa = XCConfigurationList;
			buildConfigurations = (
				D39113131A2F1F7D002014D2 /* Debug */,
				D39113141A2F1F7D002014D2 /* Release */,
			);
			defaultConfigurationIsVisible = 0;
			defaultConfigurationName = Release;
		};
		D39113151A2F1F7D002014D2 /* Build configuration list for PBXNativeTarget "MSAdditionTests" */ = {
			isa = XCConfigurationList;
			buildConfigurations = (
				D39113161A2F1F7D002014D2 /* Debug */,
				D39113171A2F1F7D002014D2 /* Release */,
			);
			defaultConfigurationIsVisible = 0;
			defaultConfigurationName = Release;
		};
/* End XCConfigurationList section */
	};
	rootObject = D39112E71A2F1F7D002014D2 /* Project object */;
}
